// !$*UTF8*$!
{
	archiveVersion = 1;
	classes = {
	};
	objectVersion = 46;
	objects = {

/* Begin PBXBuildFile section */
		04115B390FB6F6C9005E5F74 /* AppController.m in Sources */ = {isa = PBXBuildFile; fileRef = 04115B380FB6F6C9005E5F74 /* AppController.m */; };
		0453C5DA13F31C0C00150391 /* TODO in Resources */ = {isa = PBXBuildFile; fileRef = 0453C5D913F31C0C00150391 /* TODO */; };
		0465473D0FB4319100D9E8FA /* DropFileView.m in Sources */ = {isa = PBXBuildFile; fileRef = 0465473C0FB4319100D9E8FA /* DropFileView.m */; };
		0471C884124AB368001A567D /* FileHandler.m in Sources */ = {isa = PBXBuildFile; fileRef = 0471C883124AB368001A567D /* FileHandler.m */; };
		0481167C1370B85C00A775F8 /* libicucore.dylib in Frameworks */ = {isa = PBXBuildFile; fileRef = 0481167B1370B85C00A775F8 /* libicucore.dylib */; };
		0481167E1370B86400A775F8 /* QTKit.framework in Frameworks */ = {isa = PBXBuildFile; fileRef = 0481167D1370B86400A775F8 /* QTKit.framework */; };
		048116801370B86C00A775F8 /* libcrypto.dylib in Frameworks */ = {isa = PBXBuildFile; fileRef = 0481167F1370B86C00A775F8 /* libcrypto.dylib */; };
		049C1976139679DF00123E08 /* TestNapiProjektEngine.m in Sources */ = {isa = PBXBuildFile; fileRef = 049C1958139665E600123E08 /* TestNapiProjektEngine.m */; };
		049C197813967D5E00123E08 /* Cocoa.framework in Frameworks */ = {isa = PBXBuildFile; fileRef = 049C197713967D5E00123E08 /* Cocoa.framework */; };
		049C197A13967E5A00123E08 /* SenTestingKit.framework in Frameworks */ = {isa = PBXBuildFile; fileRef = 049C197913967E5A00123E08 /* SenTestingKit.framework */; };
		049C197C139681EC00123E08 /* NapiProjektEngine.m in Sources */ = {isa = PBXBuildFile; fileRef = 04C34C8011123FEB0080BDEB /* NapiProjektEngine.m */; };
		049C197D1396822200123E08 /* AppPreferences.m in Sources */ = {isa = PBXBuildFile; fileRef = 04EBB4FC1371B6E400CC15DF /* AppPreferences.m */; };
		049C197F1396824700123E08 /* libcrypto.dylib in Frameworks */ = {isa = PBXBuildFile; fileRef = 049C197E1396824700123E08 /* libcrypto.dylib */; };
		04A7C5F71396F27A009849B2 /* WhatSub.icns in Resources */ = {isa = PBXBuildFile; fileRef = 04A7C5F61396F27A009849B2 /* WhatSub.icns */; };
		04A7F79C1120AFCF001DAEE8 /* DBPrefsWindowController.m in Sources */ = {isa = PBXBuildFile; fileRef = 04A7F79B1120AFCF001DAEE8 /* DBPrefsWindowController.m */; };
		04A7F8891120B8AD001DAEE8 /* General.png in Resources */ = {isa = PBXBuildFile; fileRef = 04A7F8881120B8AD001DAEE8 /* General.png */; };
		04A7F9C111216EF4001DAEE8 /* Preferences.xib in Resources */ = {isa = PBXBuildFile; fileRef = 04A7F9C011216EF4001DAEE8 /* Preferences.xib */; };
		04A7F9E011217A02001DAEE8 /* Napiprojekt.png in Resources */ = {isa = PBXBuildFile; fileRef = 04A7F9DF11217A02001DAEE8 /* Napiprojekt.png */; };
		04AC7D091406DCDA00FCF14F /* FileArchiver.m in Sources */ = {isa = PBXBuildFile; fileRef = 04AC7D081406DCDA00FCF14F /* FileArchiver.m */; };
		04AF2E91111F6C1000EF0D5C /* 7za in Resources */ = {isa = PBXBuildFile; fileRef = 04AF2E90111F6C1000EF0D5C /* 7za */; };
		04AFD19513702BBB00AFE116 /* SubtitlesDownloader.m in Sources */ = {isa = PBXBuildFile; fileRef = 04AFD19413702BBB00AFE116 /* SubtitlesDownloader.m */; };
		04C34A691110C8930080BDEB /* RegexKitLite.m in Sources */ = {isa = PBXBuildFile; fileRef = 04C34A681110C8930080BDEB /* RegexKitLite.m */; };
		04C34C8111123FEB0080BDEB /* NapiProjektEngine.m in Sources */ = {isa = PBXBuildFile; fileRef = 04C34C8011123FEB0080BDEB /* NapiProjektEngine.m */; };
		04C54B5C13FFF6D0009EE954 /* Auto Update.tiff in Resources */ = {isa = PBXBuildFile; fileRef = 04C54B5B13FFF6D0009EE954 /* Auto Update.tiff */; };
		04D04000110F6DB1005DA3B0 /* SubtitlesConverter.m in Sources */ = {isa = PBXBuildFile; fileRef = 04D03FFF110F6DB1005DA3B0 /* SubtitlesConverter.m */; };
		04EBB4FD1371B6E500CC15DF /* AppPreferences.m in Sources */ = {isa = PBXBuildFile; fileRef = 04EBB4FC1371B6E400CC15DF /* AppPreferences.m */; };
		04F72E38126F68BC007C0205 /* AppPreferencesController.m in Sources */ = {isa = PBXBuildFile; fileRef = 04F72E37126F68BC007C0205 /* AppPreferencesController.m */; };
		04F72EF8126F759D007C0205 /* Defaults.plist in Resources */ = {isa = PBXBuildFile; fileRef = 04F72EF7126F759D007C0205 /* Defaults.plist */; };
		04F931600FB8579E003FFCB3 /* FrameRateCalculator.m in Sources */ = {isa = PBXBuildFile; fileRef = 04F9315F0FB8579E003FFCB3 /* FrameRateCalculator.m */; };
		1DDD58160DA1D0A300B32029 /* MainMenu.xib in Resources */ = {isa = PBXBuildFile; fileRef = 1DDD58140DA1D0A300B32029 /* MainMenu.xib */; };
		8D11072D0486CEB800E47090 /* main.m in Sources */ = {isa = PBXBuildFile; fileRef = 29B97316FDCFA39411CA2CEA /* main.m */; settings = {ATTRIBUTES = (); }; };
		8D11072F0486CEB800E47090 /* Cocoa.framework in Frameworks */ = {isa = PBXBuildFile; fileRef = 1058C7A1FEA54F0111CA2CBB /* Cocoa.framework */; };
/* End PBXBuildFile section */

/* Begin PBXFileReference section */
		04115B370FB6F6C9005E5F74 /* AppController.h */ = {isa = PBXFileReference; fileEncoding = 4; lastKnownFileType = sourcecode.c.h; path = AppController.h; sourceTree = "<group>"; };
		04115B380FB6F6C9005E5F74 /* AppController.m */ = {isa = PBXFileReference; fileEncoding = 4; lastKnownFileType = sourcecode.c.objc; lineEnding = 0; path = AppController.m; sourceTree = "<group>"; xcLanguageSpecificationIdentifier = xcode.lang.objc; };
		0453C5D913F31C0C00150391 /* TODO */ = {isa = PBXFileReference; fileEncoding = 4; lastKnownFileType = text; path = TODO; sourceTree = "<group>"; };
		0465473B0FB4319100D9E8FA /* DropFileView.h */ = {isa = PBXFileReference; explicitFileType = sourcecode.c.h; fileEncoding = 4; path = DropFileView.h; sourceTree = "<group>"; };
		0465473C0FB4319100D9E8FA /* DropFileView.m */ = {isa = PBXFileReference; fileEncoding = 4; lastKnownFileType = sourcecode.c.objc; path = DropFileView.m; sourceTree = "<group>"; };
		0471C882124AB368001A567D /* FileHandler.h */ = {isa = PBXFileReference; fileEncoding = 4; lastKnownFileType = sourcecode.c.h; path = FileHandler.h; sourceTree = "<group>"; };
		0471C883124AB368001A567D /* FileHandler.m */ = {isa = PBXFileReference; fileEncoding = 4; lastKnownFileType = sourcecode.c.objc; lineEnding = 0; path = FileHandler.m; sourceTree = "<group>"; xcLanguageSpecificationIdentifier = xcode.lang.objc; };
		0481167B1370B85C00A775F8 /* libicucore.dylib */ = {isa = PBXFileReference; lastKnownFileType = "compiled.mach-o.dylib"; name = libicucore.dylib; path = /usr/lib/libicucore.dylib; sourceTree = "<absolute>"; };
		0481167D1370B86400A775F8 /* QTKit.framework */ = {isa = PBXFileReference; lastKnownFileType = wrapper.framework; name = QTKit.framework; path = /System/Library/Frameworks/QTKit.framework; sourceTree = "<absolute>"; };
		0481167F1370B86C00A775F8 /* libcrypto.dylib */ = {isa = PBXFileReference; lastKnownFileType = "compiled.mach-o.dylib"; name = libcrypto.dylib; path = /usr/lib/libcrypto.dylib; sourceTree = "<absolute>"; };
		049C1957139665E600123E08 /* TestNapiProjektEngine.h */ = {isa = PBXFileReference; fileEncoding = 4; lastKnownFileType = sourcecode.c.h; path = TestNapiProjektEngine.h; sourceTree = "<group>"; };
		049C1958139665E600123E08 /* TestNapiProjektEngine.m */ = {isa = PBXFileReference; fileEncoding = 4; lastKnownFileType = sourcecode.c.objc; path = TestNapiProjektEngine.m; sourceTree = "<group>"; };
		049C19651396793F00123E08 /* TestWhatSub.octest */ = {isa = PBXFileReference; explicitFileType = wrapper.cfbundle; includeInIndex = 0; path = TestWhatSub.octest; sourceTree = BUILT_PRODUCTS_DIR; };
		049C197713967D5E00123E08 /* Cocoa.framework */ = {isa = PBXFileReference; lastKnownFileType = wrapper.framework; name = Cocoa.framework; path = System/Library/Frameworks/Cocoa.framework; sourceTree = SDKROOT; };
		049C197913967E5A00123E08 /* SenTestingKit.framework */ = {isa = PBXFileReference; lastKnownFileType = wrapper.framework; name = SenTestingKit.framework; path = Library/Frameworks/SenTestingKit.framework; sourceTree = DEVELOPER_DIR; };
		049C197E1396824700123E08 /* libcrypto.dylib */ = {isa = PBXFileReference; lastKnownFileType = "compiled.mach-o.dylib"; name = libcrypto.dylib; path = usr/lib/libcrypto.dylib; sourceTree = SDKROOT; };
		04A7C5F61396F27A009849B2 /* WhatSub.icns */ = {isa = PBXFileReference; lastKnownFileType = image.icns; path = WhatSub.icns; sourceTree = "<group>"; };
		04A7F79A1120AFCF001DAEE8 /* DBPrefsWindowController.h */ = {isa = PBXFileReference; fileEncoding = 4; lastKnownFileType = sourcecode.c.h; path = DBPrefsWindowController.h; sourceTree = "<group>"; };
		04A7F79B1120AFCF001DAEE8 /* DBPrefsWindowController.m */ = {isa = PBXFileReference; fileEncoding = 4; lastKnownFileType = sourcecode.c.objc; path = DBPrefsWindowController.m; sourceTree = "<group>"; };
		04A7F79D1120B00D001DAEE8 /* AppPreferencesController.h */ = {isa = PBXFileReference; fileEncoding = 4; lastKnownFileType = sourcecode.c.h; path = AppPreferencesController.h; sourceTree = "<group>"; };
		04A7F8791120B7F6001DAEE8 /* English */ = {isa = PBXFileReference; lastKnownFileType = file.xib; name = English; path = English.lproj/Preferences.xib; sourceTree = "<group>"; };
		04A7F8881120B8AD001DAEE8 /* General.png */ = {isa = PBXFileReference; lastKnownFileType = image.png; path = General.png; sourceTree = "<group>"; };
		04A7F9DF11217A02001DAEE8 /* Napiprojekt.png */ = {isa = PBXFileReference; lastKnownFileType = image.png; path = Napiprojekt.png; sourceTree = "<group>"; };
		04AC7D071406DCDA00FCF14F /* FileArchiver.h */ = {isa = PBXFileReference; fileEncoding = 4; path = FileArchiver.h; sourceTree = "<group>"; };
		04AC7D081406DCDA00FCF14F /* FileArchiver.m */ = {isa = PBXFileReference; fileEncoding = 4; lastKnownFileType = sourcecode.c.objc; path = FileArchiver.m; sourceTree = "<group>"; };
		04AF2E90111F6C1000EF0D5C /* 7za */ = {isa = PBXFileReference; lastKnownFileType = "compiled.mach-o.executable"; path = 7za; sourceTree = "<group>"; };
		04AFD19313702BBB00AFE116 /* SubtitlesDownloader.h */ = {isa = PBXFileReference; fileEncoding = 4; lastKnownFileType = sourcecode.c.h; path = SubtitlesDownloader.h; sourceTree = "<group>"; };
		04AFD19413702BBB00AFE116 /* SubtitlesDownloader.m */ = {isa = PBXFileReference; fileEncoding = 4; lastKnownFileType = sourcecode.c.objc; path = SubtitlesDownloader.m; sourceTree = "<group>"; };
		04C34A671110C8930080BDEB /* RegexKitLite.h */ = {isa = PBXFileReference; fileEncoding = 4; lastKnownFileType = sourcecode.c.h; path = RegexKitLite.h; sourceTree = "<group>"; };
		04C34A681110C8930080BDEB /* RegexKitLite.m */ = {isa = PBXFileReference; fileEncoding = 4; lastKnownFileType = sourcecode.c.objc; path = RegexKitLite.m; sourceTree = "<group>"; };
		04C34C7F11123FEB0080BDEB /* NapiProjektEngine.h */ = {isa = PBXFileReference; fileEncoding = 4; lastKnownFileType = sourcecode.c.h; path = NapiProjektEngine.h; sourceTree = "<group>"; };
		04C34C8011123FEB0080BDEB /* NapiProjektEngine.m */ = {isa = PBXFileReference; fileEncoding = 4; lastKnownFileType = sourcecode.c.objc; path = NapiProjektEngine.m; sourceTree = "<group>"; };
		04C54B5B13FFF6D0009EE954 /* Auto Update.tiff */ = {isa = PBXFileReference; lastKnownFileType = image.tiff; path = "Auto Update.tiff"; sourceTree = "<group>"; };
		04D03FFE110F6DB1005DA3B0 /* SubtitlesConverter.h */ = {isa = PBXFileReference; fileEncoding = 4; lastKnownFileType = sourcecode.c.h; path = SubtitlesConverter.h; sourceTree = "<group>"; };
		04D03FFF110F6DB1005DA3B0 /* SubtitlesConverter.m */ = {isa = PBXFileReference; fileEncoding = 4; lastKnownFileType = sourcecode.c.objc; path = SubtitlesConverter.m; sourceTree = "<group>"; };
		04EBB4FB1371B6E400CC15DF /* AppPreferences.h */ = {isa = PBXFileReference; fileEncoding = 4; lastKnownFileType = sourcecode.c.h; lineEnding = 0; path = AppPreferences.h; sourceTree = "<group>"; xcLanguageSpecificationIdentifier = xcode.lang.objcpp; };
		04EBB4FC1371B6E400CC15DF /* AppPreferences.m */ = {isa = PBXFileReference; fileEncoding = 4; lastKnownFileType = sourcecode.c.objc; lineEnding = 0; path = AppPreferences.m; sourceTree = "<group>"; xcLanguageSpecificationIdentifier = xcode.lang.objc; };
		04F72E37126F68BC007C0205 /* AppPreferencesController.m */ = {isa = PBXFileReference; fileEncoding = 4; lastKnownFileType = sourcecode.c.objc; path = AppPreferencesController.m; sourceTree = "<group>"; };
		04F72EF7126F759D007C0205 /* Defaults.plist */ = {isa = PBXFileReference; fileEncoding = 4; lastKnownFileType = text.plist.xml; path = Defaults.plist; sourceTree = "<group>"; };
		04F9315E0FB8579E003FFCB3 /* FrameRateCalculator.h */ = {isa = PBXFileReference; fileEncoding = 4; lastKnownFileType = sourcecode.c.h; path = FrameRateCalculator.h; sourceTree = "<group>"; };
		04F9315F0FB8579E003FFCB3 /* FrameRateCalculator.m */ = {isa = PBXFileReference; fileEncoding = 4; lastKnownFileType = sourcecode.c.objc; path = FrameRateCalculator.m; sourceTree = "<group>"; };
		1058C7A1FEA54F0111CA2CBB /* Cocoa.framework */ = {isa = PBXFileReference; lastKnownFileType = wrapper.framework; name = Cocoa.framework; path = /System/Library/Frameworks/Cocoa.framework; sourceTree = "<absolute>"; };
		13E42FB307B3F0F600E4EEF1 /* CoreData.framework */ = {isa = PBXFileReference; lastKnownFileType = wrapper.framework; name = CoreData.framework; path = /System/Library/Frameworks/CoreData.framework; sourceTree = "<absolute>"; };
		1DDD58150DA1D0A300B32029 /* English */ = {isa = PBXFileReference; lastKnownFileType = file.xib; name = English; path = English.lproj/MainMenu.xib; sourceTree = "<group>"; };
		29B97316FDCFA39411CA2CEA /* main.m */ = {isa = PBXFileReference; fileEncoding = 4; lastKnownFileType = sourcecode.c.objc; path = main.m; sourceTree = "<group>"; };
		29B97324FDCFA39411CA2CEA /* AppKit.framework */ = {isa = PBXFileReference; lastKnownFileType = wrapper.framework; name = AppKit.framework; path = /System/Library/Frameworks/AppKit.framework; sourceTree = "<absolute>"; };
		29B97325FDCFA39411CA2CEA /* Foundation.framework */ = {isa = PBXFileReference; lastKnownFileType = wrapper.framework; name = Foundation.framework; path = /System/Library/Frameworks/Foundation.framework; sourceTree = "<absolute>"; };
		32CA4F630368D1EE00C91783 /* WhatSub_Prefix.pch */ = {isa = PBXFileReference; fileEncoding = 4; lastKnownFileType = sourcecode.c.h; path = WhatSub_Prefix.pch; sourceTree = "<group>"; };
		8D1107310486CEB800E47090 /* Info.plist */ = {isa = PBXFileReference; fileEncoding = 4; lastKnownFileType = text.plist.xml; path = Info.plist; sourceTree = "<group>"; };
		8D1107320486CEB800E47090 /* WhatSub.app */ = {isa = PBXFileReference; explicitFileType = wrapper.application; includeInIndex = 0; path = WhatSub.app; sourceTree = BUILT_PRODUCTS_DIR; };
/* End PBXFileReference section */

/* Begin PBXFrameworksBuildPhase section */
		049C19611396793F00123E08 /* Frameworks */ = {
			isa = PBXFrameworksBuildPhase;
			buildActionMask = 2147483647;
			files = (
				049C197F1396824700123E08 /* libcrypto.dylib in Frameworks */,
				049C197A13967E5A00123E08 /* SenTestingKit.framework in Frameworks */,
				049C197813967D5E00123E08 /* Cocoa.framework in Frameworks */,
			);
			runOnlyForDeploymentPostprocessing = 0;
		};
		8D11072E0486CEB800E47090 /* Frameworks */ = {
			isa = PBXFrameworksBuildPhase;
			buildActionMask = 2147483647;
			files = (
				048116801370B86C00A775F8 /* libcrypto.dylib in Frameworks */,
				0481167C1370B85C00A775F8 /* libicucore.dylib in Frameworks */,
				0481167E1370B86400A775F8 /* QTKit.framework in Frameworks */,
				8D11072F0486CEB800E47090 /* Cocoa.framework in Frameworks */,
			);
			runOnlyForDeploymentPostprocessing = 0;
		};
/* End PBXFrameworksBuildPhase section */

/* Begin PBXGroup section */
		049C197B13967EB100123E08 /* Testing Frameworks */ = {
			isa = PBXGroup;
			children = (
				049C197E1396824700123E08 /* libcrypto.dylib */,
				049C197913967E5A00123E08 /* SenTestingKit.framework */,
				049C197713967D5E00123E08 /* Cocoa.framework */,
			);
			name = "Testing Frameworks";
			sourceTree = "<group>";
		};
		04AFD19813702C7D00AFE116 /* Subtitles */ = {
			isa = PBXGroup;
			children = (
				04D03FFE110F6DB1005DA3B0 /* SubtitlesConverter.h */,
				04D03FFF110F6DB1005DA3B0 /* SubtitlesConverter.m */,
				04C34C7F11123FEB0080BDEB /* NapiProjektEngine.h */,
				04C34C8011123FEB0080BDEB /* NapiProjektEngine.m */,
				04AFD19313702BBB00AFE116 /* SubtitlesDownloader.h */,
				04AFD19413702BBB00AFE116 /* SubtitlesDownloader.m */,
			);
			name = Subtitles;
			sourceTree = "<group>";
		};
		04C90CAA1388626D0060E346 /* Test Cases */ = {
			isa = PBXGroup;
			children = (
				049C1957139665E600123E08 /* TestNapiProjektEngine.h */,
				049C1958139665E600123E08 /* TestNapiProjektEngine.m */,
			);
			name = "Test Cases";
			sourceTree = "<group>";
		};
		04F72BEA126F0E84007C0205 /* View */ = {
			isa = PBXGroup;
			children = (
				0465473B0FB4319100D9E8FA /* DropFileView.h */,
				0465473C0FB4319100D9E8FA /* DropFileView.m */,
			);
			name = View;
			sourceTree = "<group>";
		};
		04F72C10126F0EC1007C0205 /* Controller */ = {
			isa = PBXGroup;
			children = (
				04115B370FB6F6C9005E5F74 /* AppController.h */,
				04115B380FB6F6C9005E5F74 /* AppController.m */,
				04A7F79D1120B00D001DAEE8 /* AppPreferencesController.h */,
				04F72E37126F68BC007C0205 /* AppPreferencesController.m */,
			);
			name = Controller;
			sourceTree = "<group>";
		};
		04F72CBB126F1B9D007C0205 /* Helper */ = {
			isa = PBXGroup;
			children = (
				04F9315E0FB8579E003FFCB3 /* FrameRateCalculator.h */,
				04F9315F0FB8579E003FFCB3 /* FrameRateCalculator.m */,
				04EBB4FB1371B6E400CC15DF /* AppPreferences.h */,
				04EBB4FC1371B6E400CC15DF /* AppPreferences.m */,
				04AC7D071406DCDA00FCF14F /* FileArchiver.h */,
				04AC7D081406DCDA00FCF14F /* FileArchiver.m */,
			);
			name = Helper;
			sourceTree = "<group>";
		};
		080E96DDFE201D6D7F000001 /* Classes */ = {
			isa = PBXGroup;
			children = (
				04F72C10126F0EC1007C0205 /* Controller */,
				04F72BEA126F0E84007C0205 /* View */,
				04F72CBB126F1B9D007C0205 /* Helper */,
				04AFD19813702C7D00AFE116 /* Subtitles */,
				0471C882124AB368001A567D /* FileHandler.h */,
				0471C883124AB368001A567D /* FileHandler.m */,
			);
			name = Classes;
			sourceTree = "<group>";
		};
		1058C7A0FEA54F0111CA2CBB /* Linked Frameworks */ = {
			isa = PBXGroup;
			children = (
				1058C7A1FEA54F0111CA2CBB /* Cocoa.framework */,
				0481167D1370B86400A775F8 /* QTKit.framework */,
				0481167F1370B86C00A775F8 /* libcrypto.dylib */,
				0481167B1370B85C00A775F8 /* libicucore.dylib */,
			);
			name = "Linked Frameworks";
			sourceTree = "<group>";
		};
		1058C7A2FEA54F0111CA2CBB /* Other Frameworks */ = {
			isa = PBXGroup;
			children = (
				29B97324FDCFA39411CA2CEA /* AppKit.framework */,
				13E42FB307B3F0F600E4EEF1 /* CoreData.framework */,
				29B97325FDCFA39411CA2CEA /* Foundation.framework */,
			);
			name = "Other Frameworks";
			sourceTree = "<group>";
		};
		19C28FACFE9D520D11CA2CBB /* Products */ = {
			isa = PBXGroup;
			children = (
				8D1107320486CEB800E47090 /* WhatSub.app */,
				049C19651396793F00123E08 /* TestWhatSub.octest */,
			);
			name = Products;
			sourceTree = "<group>";
		};
		29B97314FDCFA39411CA2CEA /* WhatSub */ = {
			isa = PBXGroup;
			children = (
				080E96DDFE201D6D7F000001 /* Classes */,
				04C90CAA1388626D0060E346 /* Test Cases */,
				29B97315FDCFA39411CA2CEA /* Other Sources */,
				29B97317FDCFA39411CA2CEA /* Resources */,
				29B97323FDCFA39411CA2CEA /* Frameworks */,
				19C28FACFE9D520D11CA2CBB /* Products */,
			);
			name = WhatSub;
			sourceTree = "<group>";
		};
		29B97315FDCFA39411CA2CEA /* Other Sources */ = {
			isa = PBXGroup;
			children = (
				04A7F79A1120AFCF001DAEE8 /* DBPrefsWindowController.h */,
				04A7F79B1120AFCF001DAEE8 /* DBPrefsWindowController.m */,
				04C34A671110C8930080BDEB /* RegexKitLite.h */,
				04C34A681110C8930080BDEB /* RegexKitLite.m */,
				32CA4F630368D1EE00C91783 /* WhatSub_Prefix.pch */,
				29B97316FDCFA39411CA2CEA /* main.m */,
			);
			name = "Other Sources";
			sourceTree = "<group>";
		};
		29B97317FDCFA39411CA2CEA /* Resources */ = {
			isa = PBXGroup;
			children = (
				04C54B5B13FFF6D0009EE954 /* Auto Update.tiff */,
				04A7C5F61396F27A009849B2 /* WhatSub.icns */,
				04A7F9DF11217A02001DAEE8 /* Napiprojekt.png */,
				04A7F8881120B8AD001DAEE8 /* General.png */,
				04AF2E90111F6C1000EF0D5C /* 7za */,
				04F72EF7126F759D007C0205 /* Defaults.plist */,
				8D1107310486CEB800E47090 /* Info.plist */,
				1DDD58140DA1D0A300B32029 /* MainMenu.xib */,
				04A7F9C011216EF4001DAEE8 /* Preferences.xib */,
				0453C5D913F31C0C00150391 /* TODO */,
			);
			name = Resources;
			sourceTree = "<group>";
		};
		29B97323FDCFA39411CA2CEA /* Frameworks */ = {
			isa = PBXGroup;
			children = (
				049C197B13967EB100123E08 /* Testing Frameworks */,
				1058C7A0FEA54F0111CA2CBB /* Linked Frameworks */,
				1058C7A2FEA54F0111CA2CBB /* Other Frameworks */,
			);
			name = Frameworks;
			sourceTree = "<group>";
		};
/* End PBXGroup section */

/* Begin PBXNativeTarget section */
		049C19641396793F00123E08 /* TestWhatSub */ = {
			isa = PBXNativeTarget;
			buildConfigurationList = 049C19731396793F00123E08 /* Build configuration list for PBXNativeTarget "TestWhatSub" */;
			buildPhases = (
				049C19601396793F00123E08 /* Sources */,
				049C19611396793F00123E08 /* Frameworks */,
				049C19621396793F00123E08 /* Resources */,
				049C19631396793F00123E08 /* ShellScript */,
			);
			buildRules = (
			);
			dependencies = (
			);
			name = TestWhatSub;
			productName = TestWhatSub;
			productReference = 049C19651396793F00123E08 /* TestWhatSub.octest */;
			productType = "com.apple.product-type.bundle";
		};
		8D1107260486CEB800E47090 /* WhatSub */ = {
			isa = PBXNativeTarget;
			buildConfigurationList = C01FCF4A08A954540054247B /* Build configuration list for PBXNativeTarget "WhatSub" */;
			buildPhases = (
				8D1107290486CEB800E47090 /* Resources */,
				8D11072C0486CEB800E47090 /* Sources */,
				8D11072E0486CEB800E47090 /* Frameworks */,
			);
			buildRules = (
			);
			dependencies = (
			);
			name = WhatSub;
			productInstallPath = "$(HOME)/Applications";
			productName = WhatSub;
			productReference = 8D1107320486CEB800E47090 /* WhatSub.app */;
			productType = "com.apple.product-type.application";
		};
/* End PBXNativeTarget section */

/* Begin PBXProject section */
		29B97313FDCFA39411CA2CEA /* Project object */ = {
			isa = PBXProject;
			attributes = {
				ORGANIZATIONNAME = burningtomato.com;
			};
			buildConfigurationList = C01FCF4E08A954540054247B /* Build configuration list for PBXProject "WhatSub" */;
			compatibilityVersion = "Xcode 3.2";
			developmentRegion = English;
			hasScannedForEncodings = 1;
			knownRegions = (
				English,
				Japanese,
				French,
				German,
				en,
			);
			mainGroup = 29B97314FDCFA39411CA2CEA /* WhatSub */;
			projectDirPath = "";
			projectRoot = "";
			targets = (
				8D1107260486CEB800E47090 /* WhatSub */,
				049C19641396793F00123E08 /* TestWhatSub */,
			);
		};
/* End PBXProject section */

/* Begin PBXResourcesBuildPhase section */
		049C19621396793F00123E08 /* Resources */ = {
			isa = PBXResourcesBuildPhase;
			buildActionMask = 2147483647;
			files = (
			);
			runOnlyForDeploymentPostprocessing = 0;
		};
		8D1107290486CEB800E47090 /* Resources */ = {
			isa = PBXResourcesBuildPhase;
			buildActionMask = 2147483647;
			files = (
				1DDD58160DA1D0A300B32029 /* MainMenu.xib in Resources */,
				04AF2E91111F6C1000EF0D5C /* 7za in Resources */,
				04A7F9C111216EF4001DAEE8 /* Preferences.xib in Resources */,
				04A7F8891120B8AD001DAEE8 /* General.png in Resources */,
				04A7F9E011217A02001DAEE8 /* Napiprojekt.png in Resources */,
				04F72EF8126F759D007C0205 /* Defaults.plist in Resources */,
				04A7C5F71396F27A009849B2 /* WhatSub.icns in Resources */,
				0453C5DA13F31C0C00150391 /* TODO in Resources */,
				04C54B5C13FFF6D0009EE954 /* Auto Update.tiff in Resources */,
			);
			runOnlyForDeploymentPostprocessing = 0;
		};
/* End PBXResourcesBuildPhase section */

/* Begin PBXShellScriptBuildPhase section */
		049C19631396793F00123E08 /* ShellScript */ = {
			isa = PBXShellScriptBuildPhase;
			buildActionMask = 2147483647;
			files = (
			);
			inputPaths = (
			);
			outputPaths = (
			);
			runOnlyForDeploymentPostprocessing = 0;
			shellPath = /bin/sh;
			shellScript = "# Run the unit tests in this test bundle.\n\"${SYSTEM_DEVELOPER_DIR}/Tools/RunUnitTests\"\n";
		};
/* End PBXShellScriptBuildPhase section */

/* Begin PBXSourcesBuildPhase section */
		049C19601396793F00123E08 /* Sources */ = {
			isa = PBXSourcesBuildPhase;
			buildActionMask = 2147483647;
			files = (
				049C197D1396822200123E08 /* AppPreferences.m in Sources */,
				049C197C139681EC00123E08 /* NapiProjektEngine.m in Sources */,
				049C1976139679DF00123E08 /* TestNapiProjektEngine.m in Sources */,
			);
			runOnlyForDeploymentPostprocessing = 0;
		};
		8D11072C0486CEB800E47090 /* Sources */ = {
			isa = PBXSourcesBuildPhase;
			buildActionMask = 2147483647;
			files = (
				8D11072D0486CEB800E47090 /* main.m in Sources */,
				0465473D0FB4319100D9E8FA /* DropFileView.m in Sources */,
				04115B390FB6F6C9005E5F74 /* AppController.m in Sources */,
				04F931600FB8579E003FFCB3 /* FrameRateCalculator.m in Sources */,
				04D04000110F6DB1005DA3B0 /* SubtitlesConverter.m in Sources */,
				04C34A691110C8930080BDEB /* RegexKitLite.m in Sources */,
				04C34C8111123FEB0080BDEB /* NapiProjektEngine.m in Sources */,
				04A7F79C1120AFCF001DAEE8 /* DBPrefsWindowController.m in Sources */,
				0471C884124AB368001A567D /* FileHandler.m in Sources */,
				04F72E38126F68BC007C0205 /* AppPreferencesController.m in Sources */,
				04AFD19513702BBB00AFE116 /* SubtitlesDownloader.m in Sources */,
				04EBB4FD1371B6E500CC15DF /* AppPreferences.m in Sources */,
				04AC7D091406DCDA00FCF14F /* FileArchiver.m in Sources */,
			);
			runOnlyForDeploymentPostprocessing = 0;
		};
/* End PBXSourcesBuildPhase section */

/* Begin PBXVariantGroup section */
		04A7F9C011216EF4001DAEE8 /* Preferences.xib */ = {
			isa = PBXVariantGroup;
			children = (
				04A7F8791120B7F6001DAEE8 /* English */,
			);
			name = Preferences.xib;
			sourceTree = "<group>";
		};
		1DDD58140DA1D0A300B32029 /* MainMenu.xib */ = {
			isa = PBXVariantGroup;
			children = (
				1DDD58150DA1D0A300B32029 /* English */,
			);
			name = MainMenu.xib;
			sourceTree = "<group>";
		};
/* End PBXVariantGroup section */

/* Begin XCBuildConfiguration section */
		049C19741396793F00123E08 /* Debug */ = {
			isa = XCBuildConfiguration;
			buildSettings = {
				ALWAYS_SEARCH_USER_PATHS = NO;
				COPY_PHASE_STRIP = NO;
				FRAMEWORK_SEARCH_PATHS = "$(DEVELOPER_LIBRARY_DIR)/Frameworks";
				GCC_C_LANGUAGE_STANDARD = gnu99;
				GCC_DYNAMIC_NO_PIC = NO;
				GCC_ENABLE_OBJC_EXCEPTIONS = YES;
				GCC_PRECOMPILE_PREFIX_HEADER = YES;
				GCC_PREFIX_HEADER = WhatSub_Prefix.pch;
				GCC_PREPROCESSOR_DEFINITIONS = DEBUG;
				GCC_SYMBOLS_PRIVATE_EXTERN = NO;
				GCC_VERSION = com.apple.compilers.llvm.clang.1_0;
				GCC_WARN_64_TO_32_BIT_CONVERSION = YES;
				INFOPLIST_FILE = Info.plist;
				MACOSX_DEPLOYMENT_TARGET = 10.6;
				OTHER_LDFLAGS = (
					"-framework",
					SenTestingKit,
				);
				PRODUCT_NAME = "$(TARGET_NAME)";
				SDKROOT = macosx;
				WRAPPER_EXTENSION = octest;
			};
			name = Debug;
		};
		049C19751396793F00123E08 /* Release */ = {
			isa = XCBuildConfiguration;
			buildSettings = {
				ALWAYS_SEARCH_USER_PATHS = NO;
				ARCHS = "$(ARCHS_STANDARD_32_64_BIT)";
				COPY_PHASE_STRIP = YES;
				DEBUG_INFORMATION_FORMAT = "dwarf-with-dsym";
				FRAMEWORK_SEARCH_PATHS = "$(DEVELOPER_LIBRARY_DIR)/Frameworks";
				GCC_C_LANGUAGE_STANDARD = gnu99;
				GCC_ENABLE_OBJC_EXCEPTIONS = YES;
				GCC_PRECOMPILE_PREFIX_HEADER = YES;
				GCC_PREFIX_HEADER = WhatSub_Prefix.pch;
				GCC_VERSION = com.apple.compilers.llvm.clang.1_0;
				GCC_WARN_64_TO_32_BIT_CONVERSION = YES;
				INFOPLIST_FILE = Info.plist;
				MACOSX_DEPLOYMENT_TARGET = 10.6;
				OTHER_LDFLAGS = (
					"-framework",
					SenTestingKit,
				);
				PRODUCT_NAME = "$(TARGET_NAME)";
				SDKROOT = macosx;
				WRAPPER_EXTENSION = octest;
			};
			name = Release;
		};
		C01FCF4B08A954540054247B /* Debug */ = {
			isa = XCBuildConfiguration;
			buildSettings = {
				ALWAYS_SEARCH_USER_PATHS = NO;
				COPY_PHASE_STRIP = NO;
				FRAMEWORK_SEARCH_PATHS = (
					"$(inherited)",
					"\"$(DEVELOPER_FRAMEWORKS_DIR)\"",
				);
				GCC_DYNAMIC_NO_PIC = NO;
				GCC_ENABLE_FIX_AND_CONTINUE = YES;
				GCC_MODEL_TUNING = G5;
				GCC_OPTIMIZATION_LEVEL = 0;
				GCC_PRECOMPILE_PREFIX_HEADER = YES;
				GCC_PREFIX_HEADER = WhatSub_Prefix.pch;
				INFOPLIST_FILE = Info.plist;
				INSTALL_PATH = /Applications;
				PRODUCT_NAME = WhatSub;
				SDKROOT = macosx;
			};
			name = Debug;
		};
		C01FCF4C08A954540054247B /* Release */ = {
			isa = XCBuildConfiguration;
			buildSettings = {
				ALWAYS_SEARCH_USER_PATHS = NO;
				ARCHS = "$(ARCHS_STANDARD_32_64_BIT)";
				DEBUG_INFORMATION_FORMAT = "dwarf-with-dsym";
				FRAMEWORK_SEARCH_PATHS = (
					"$(inherited)",
					"\"$(DEVELOPER_FRAMEWORKS_DIR)\"",
				);
				GCC_ENABLE_OBJC_GC = required;
				GCC_MODEL_TUNING = G5;
				GCC_PRECOMPILE_PREFIX_HEADER = YES;
				GCC_PREFIX_HEADER = WhatSub_Prefix.pch;
				INFOPLIST_FILE = Info.plist;
				INSTALL_PATH = /Applications;
				PRODUCT_NAME = WhatSub;
				SDKROOT = macosx;
			};
			name = Release;
		};
		C01FCF4F08A954540054247B /* Debug */ = {
			isa = XCBuildConfiguration;
			buildSettings = {
				ARCHS = "$(ARCHS_STANDARD_32_64_BIT)";
				GCC_C_LANGUAGE_STANDARD = c99;
				GCC_ENABLE_OBJC_GC = required;
				GCC_OPTIMIZATION_LEVEL = 0;
				GCC_WARN_ABOUT_RETURN_TYPE = YES;
				GCC_WARN_UNUSED_VARIABLE = YES;
				ONLY_ACTIVE_ARCH = YES;
				PREBINDING = NO;
				SDKROOT = macosx;
			};
			name = Debug;
		};
		C01FCF5008A954540054247B /* Release */ = {
			isa = XCBuildConfiguration;
			buildSettings = {
				ARCHS = "$(ARCHS_STANDARD_32_64_BIT)";
				GCC_C_LANGUAGE_STANDARD = c99;
				GCC_WARN_ABOUT_RETURN_TYPE = YES;
				GCC_WARN_UNUSED_VARIABLE = YES;
				PREBINDING = NO;
				SDKROOT = macosx;
			};
			name = Release;
		};
/* End XCBuildConfiguration section */

/* Begin XCConfigurationList section */
		049C19731396793F00123E08 /* Build configuration list for PBXNativeTarget "TestWhatSub" */ = {
			isa = XCConfigurationList;
			buildConfigurations = (
				049C19741396793F00123E08 /* Debug */,
				049C19751396793F00123E08 /* Release */,
			);
			defaultConfigurationIsVisible = 0;
			defaultConfigurationName = Release;
		};
		C01FCF4A08A954540054247B /* Build configuration list for PBXNativeTarget "WhatSub" */ = {
			isa = XCConfigurationList;
			buildConfigurations = (
				C01FCF4B08A954540054247B /* Debug */,
				C01FCF4C08A954540054247B /* Release */,
			);
			defaultConfigurationIsVisible = 0;
			defaultConfigurationName = Release;
		};
		C01FCF4E08A954540054247B /* Build configuration list for PBXProject "WhatSub" */ = {
			isa = XCConfigurationList;
			buildConfigurations = (
				C01FCF4F08A954540054247B /* Debug */,
				C01FCF5008A954540054247B /* Release */,
			);
			defaultConfigurationIsVisible = 0;
			defaultConfigurationName = Release;
		};
/* End XCConfigurationList section */
	};
	rootObject = 29B97313FDCFA39411CA2CEA /* Project object */;
}
